
Microsoft Visual Studio Solution File, Format Version 12.00
# Visual Studio Version 17
VisualStudioVersion = 17.12.35506.116 d17.12
MinimumVisualStudioVersion = 10.0.40219.1
Project("{FAE04EC0-301F-11D3-BF4B-00C04F79EFBC}") = "e-commerce_API", "e-commerce_API\e-commerce_API.csproj", "{691B7683-2463-4506-9231-57EC61B2505B}"
EndProject
Global
	GlobalSection(SolutionConfigurationPlatforms) = preSolution
		Debug|Any CPU = Debug|Any CPU
		Release|Any CPU = Release|Any CPU
	EndGlobalSection
	GlobalSection(ProjectConfigurationPlatforms) = postSolution
		{691B7683-2463-4506-9231-57EC61B2505B}.Debug|Any CPU.ActiveCfg = Debug|Any CPU
		{691B7683-2463-4506-9231-57EC61B2505B}.Debug|Any CPU.Build.0 = Debug|Any CPU
		{691B7683-2463-4506-9231-57EC61B2505B}.Release|Any CPU.ActiveCfg = Release|Any CPU
		{691B7683-2463-4506-9231-57EC61B2505B}.Release|Any CPU.Build.0 = Release|Any CPU
	EndGlobalSection
	GlobalSection(SolutionProperties) = preSolution
		HideSolutionNode = FALSE
	EndGlobalSection
EndGlobal
